# This file is automatically @generated by Poetry 2.2.1 and should not be changed by hand.

[[package]]
name = "anyio"
version = "4.9.0"
description = "High level compatibility layer for multiple asynchronous event loop implementations"
optional = false
python-versions = ">=3.9"
groups = ["main"]
files = [
    {file = "anyio-4.9.0-py3-none-any.whl", hash = "sha256:9f76d541cad6e36af7beb62e978876f3b41e3e04f2c1fbf0884604c0a9c4d93c"},
    {file = "anyio-4.9.0.tar.gz", hash = "sha256:673c0c244e15788651a4ff38710fea9675823028a6f08a5eda409e0c9840a028"},
]

[package.dependencies]
idna = ">=2.8"
sniffio = ">=1.1"
typing_extensions = {version = ">=4.5", markers = "python_version < \"3.13\""}

[package.extras]
doc = ["Sphinx (>=8.2,<9.0)", "packaging", "sphinx-autodoc-typehints (>=1.2.0)", "sphinx_rtd_theme"]
test = ["anyio[trio]", "blockbuster (>=1.5.23)", "coverage[toml] (>=7)", "exceptiongroup (>=1.2.0)", "hypothesis (>=4.0)", "psutil (>=5.9)", "pytest (>=7.0)", "trustme", "truststore (>=0.9.1) ; python_version >= \"3.10\"", "uvloop (>=0.21) ; platform_python_implementation == \"CPython\" and platform_system != \"Windows\" and python_version < \"3.14\""]
trio = ["trio (>=0.26.1)"]

[[package]]
name = "certifi"
version = "2025.7.9"
description = "Python package for providing Mozilla's CA Bundle."
optional = false
python-versions = ">=3.7"
groups = ["main"]
files = [
    {file = "certifi-2025.7.9-py3-none-any.whl", hash = "sha256:d842783a14f8fdd646895ac26f719a061408834473cfc10203f6a575beb15d39"},
    {file = "certifi-2025.7.9.tar.gz", hash = "sha256:c1d2ec05395148ee10cf672ffc28cd37ea0ab0d99f9cc74c43e588cbd111b079"},
]

[[package]]
name = "click"
version = "8.2.1"
description = "Composable command line interface toolkit"
optional = false
python-versions = ">=3.10"
groups = ["main"]
files = [
    {file = "click-8.2.1-py3-none-any.whl", hash = "sha256:61a3265b914e850b85317d0b3109c7f8cd35a670f963866005d6ef1d5175a12b"},
    {file = "click-8.2.1.tar.gz", hash = "sha256:27c491cc05d968d271d5a1db13e3b5a184636d9d930f148c50b038f0d0646202"},
]

[package.dependencies]
colorama = {version = "*", markers = "platform_system == \"Windows\""}

[[package]]
name = "colorama"
version = "0.4.6"
description = "Cross-platform colored terminal text."
optional = false
python-versions = "!=3.0.*,!=3.1.*,!=3.2.*,!=3.3.*,!=3.4.*,!=3.5.*,!=3.6.*,>=2.7"
groups = ["main", "dev"]
files = [
    {file = "colorama-0.4.6-py2.py3-none-any.whl", hash = "sha256:4f1d9991f5acc0ca119f9d443620b77f9d6b33703e51011c16baf57afb285fc6"},
    {file = "colorama-0.4.6.tar.gz", hash = "sha256:08695f5cb7ed6e0531a20572697297273c47b8cae5a63ffc6d6ed5c201be6e44"},
]
markers = {dev = "sys_platform == \"win32\""}

[[package]]
name = "dependency-injector"
version = "4.48.3"
description = "Dependency injection framework for Python"
optional = false
python-versions = ">=3.8"
groups = ["main"]
files = [
    {file = "dependency_injector-4.48.3-cp310-abi3-macosx_11_0_arm64.whl", hash = "sha256:37d5b962d9ba67f6536557dec3c83136cefd7a747bbe8ba53b158e34e050bae5"},
    {file = "dependency_injector-4.48.3-cp310-abi3-manylinux1_x86_64.manylinux_2_28_x86_64.manylinux_2_5_x86_64.whl", hash = "sha256:54aa2b8b8ff057555ab03ee98035eb41120d30f8ec220cf43aa3b117f6b9b1b1"},
    {file = "dependency_injector-4.48.3-cp310-abi3-manylinux2014_aarch64.manylinux_2_17_aarch64.manylinux_2_28_aarch64.whl", hash = "sha256:6a1f8d5b7dcf24773c27ddb9beab043753d8e251804f2398468944b93c767a35"},
    {file = "dependency_injector-4.48.3-cp310-abi3-musllinux_1_2_aarch64.whl", hash = "sha256:7ed11a944f5c84a5ad3f15bc9154f07affae2902967b4e47c74504d4595ed92f"},
    {file = "dependency_injector-4.48.3-cp310-abi3-musllinux_1_2_x86_64.whl", hash = "sha256:00c7ad5b5b5f9b1616c363770eed8c629a42dd0155b398c4458c949b8c0b9ae0"},
    {file = "dependency_injector-4.48.3-cp310-abi3-win32.whl", hash = "sha256:2870a3b84ddb2e4b13731b7250b7714f0d4a07f6147a181b3ecbceed061b74f2"},
    {file = "dependency_injector-4.48.3-cp310-abi3-win_amd64.whl", hash = "sha256:d0e6244b3674a48ee2c5b0af29bf20d2b0b5baef806dd1739af9aab9d20f08de"},
    {file = "dependency_injector-4.48.3-cp38-cp38-macosx_11_0_arm64.whl", hash = "sha256:ec13e76e013d1d978c8c9d37b70ca8046b438a973f3f8431f8577cb409c71a0c"},
    {file = "dependency_injector-4.48.3-cp38-cp38-manylinux2014_aarch64.manylinux_2_17_aarch64.manylinux_2_28_aarch64.whl", hash = "sha256:b945e2ca99277945add869d9e1647e6d98d8fe9c43bb4d82c980863206e6f777"},
    {file = "dependency_injector-4.48.3-cp38-cp38-manylinux2014_x86_64.manylinux_2_17_x86_64.manylinux_2_28_x86_64.whl", hash = "sha256:c71a93681595e810ec9f5c5d7721ae67c7536453c4742b510048b7be41191efb"},
    {file = "dependency_injector-4.48.3-cp38-cp38-musllinux_1_2_aarch64.whl", hash = "sha256:4505e4b005c4e3c8452c35cbf52e15e00794c9f2ee8a720bb11d908f2711e94e"},
    {file = "dependency_injector-4.48.3-cp38-cp38-musllinux_1_2_x86_64.whl", hash = "sha256:4104851a7d40c05f579a7052c4c1aba75fe17a112a3ed3d69799e1e5fc2b15d7"},
    {file = "dependency_injector-4.48.3-cp38-cp38-win32.whl", hash = "sha256:81147c55d36c935b0c0dc3b34176cf34b0ce53518a96a51d6b532d882be4a13a"},
    {file = "dependency_injector-4.48.3-cp38-cp38-win_amd64.whl", hash = "sha256:430bb7728fa9066806d9e1585e9d246c48bc546b9b4cb80cb8d57e27f628c2e3"},
    {file = "dependency_injector-4.48.3-cp39-cp39-macosx_11_0_arm64.whl", hash = "sha256:d45fc3e2fad6381788371a9a86692936c51c14f029ccd87b103b5a760962c256"},
    {file = "dependency_injector-4.48.3-cp39-cp39-manylinux2014_aarch64.manylinux_2_17_aarch64.manylinux_2_28_aarch64.whl", hash = "sha256:d07eaca26d70fc3ec5258e9123c7d34dfdfb7b1c22b171bbdfc762c6162f94af"},
    {file = "dependency_injector-4.48.3-cp39-cp39-manylinux2014_x86_64.manylinux_2_17_x86_64.manylinux_2_28_x86_64.whl", hash = "sha256:0a9e595fd44f9c0612337d9df6384a8154c7228adf50f2eac71668175842ab97"},
    {file = "dependency_injector-4.48.3-cp39-cp39-musllinux_1_2_aarch64.whl", hash = "sha256:aa9eb9ad7d8d2f175ed29a13b281b8c37b984256a67b4f083c9e302b73727c90"},
    {file = "dependency_injector-4.48.3-cp39-cp39-musllinux_1_2_x86_64.whl", hash = "sha256:14bcb711cd58908a2768e9c0cf908a098edf1cdc856631f1332c9c92d0233516"},
    {file = "dependency_injector-4.48.3-cp39-cp39-win32.whl", hash = "sha256:40714c4af571cf40d70d81c28662ec0d2f2027188c0346731c7a91856a1988be"},
    {file = "dependency_injector-4.48.3-cp39-cp39-win_amd64.whl", hash = "sha256:e4d2e70a5df66749c1b8c089d80c9e093b9fa405ac37fef9abfff2e8702d475a"},
    {file = "dependency_injector-4.48.3-pp310-pypy310_pp73-macosx_11_0_arm64.whl", hash = "sha256:bbee3a28ffe7b14ec3b6fe24aa64f12f47e4ee21318c8546589d5ba8cc32b8ef"},
    {file = "dependency_injector-4.48.3-pp310-pypy310_pp73-manylinux1_x86_64.manylinux_2_28_x86_64.manylinux_2_5_x86_64.whl", hash = "sha256:67bee4c2ea35fbbd8190e3f4142a25f58f8c123b885e8b903411dfb8bd1c2f38"},
    {file = "dependency_injector-4.48.3-pp310-pypy310_pp73-manylinux2014_aarch64.manylinux_2_17_aarch64.manylinux_2_28_aarch64.whl", hash = "sha256:ee41e4d22ae7569877a1548a2fd40fa1ff7b80cf797ba0d0608201c918167d82"},
    {file = "dependency_injector-4.48.3-pp310-pypy310_pp73-win_amd64.whl", hash = "sha256:81b5982b96b62d3ecbef7bd74816c790103ec862836aad9bf45044d6822ff134"},
    {file = "dependency_injector-4.48.3-pp311-pypy311_pp73-macosx_11_0_arm64.whl", hash = "sha256:adb2a57deeb9d02b6981c1ba10a9a3b60fc2743ac2f7010f02abd579572368fe"},
    {file = "dependency_injector-4.48.3-pp311-pypy311_pp73-manylinux1_x86_64.manylinux_2_28_x86_64.manylinux_2_5_x86_64.whl", hash = "sha256:8f74f415de9e5683d2cf919e0e384aae09cb3c1c042a5c4a63e8759fd4467395"},
    {file = "dependency_injector-4.48.3-pp311-pypy311_pp73-manylinux2014_aarch64.manylinux_2_17_aarch64.manylinux_2_28_aarch64.whl", hash = "sha256:d2b390b65fde7694f61cc58084f3ed084e0739142fff192e68d54adde7f5a85e"},
    {file = "dependency_injector-4.48.3-pp311-pypy311_pp73-win_amd64.whl", hash = "sha256:6e85aa3c0e70741cdff3e3f9cfe157663e10ab5e2cc88b129f93694bf7401ccc"},
    {file = "dependency_injector-4.48.3.tar.gz", hash = "sha256:106e43a6a9959b2c49926edc45bdf07fdc377bc5fa1fd59012741590df30b20c"},
]

[package.dependencies]
typing-extensions = {version = "*", markers = "python_version < \"3.13\""}

[package.extras]
aiohttp = ["aiohttp"]
flask = ["flask"]
pydantic = ["pydantic"]
pydantic2 = ["pydantic-settings"]
yaml = ["pyyaml"]

[[package]]
name = "h11"
version = "0.16.0"
description = "A pure-Python, bring-your-own-I/O implementation of HTTP/1.1"
optional = false
python-versions = ">=3.8"
groups = ["main"]
files = [
    {file = "h11-0.16.0-py3-none-any.whl", hash = "sha256:63cf8bbe7522de3bf65932fda1d9c2772064ffb3dae62d55932da54b31cb6c86"},
    {file = "h11-0.16.0.tar.gz", hash = "sha256:4e35b956cf45792e4caa5885e69fba00bdbc6ffafbfa020300e549b208ee5ff1"},
]

[[package]]
name = "httpcore"
version = "1.0.9"
description = "A minimal low-level HTTP client."
optional = false
python-versions = ">=3.8"
groups = ["main"]
files = [
    {file = "httpcore-1.0.9-py3-none-any.whl", hash = "sha256:2d400746a40668fc9dec9810239072b40b4484b640a8c38fd654a024c7a1bf55"},
    {file = "httpcore-1.0.9.tar.gz", hash = "sha256:6e34463af53fd2ab5d807f399a9b45ea31c3dfa2276f15a2c3f00afff6e176e8"},
]

[package.dependencies]
certifi = "*"
h11 = ">=0.16"

[package.extras]
asyncio = ["anyio (>=4.0,<5.0)"]
http2 = ["h2 (>=3,<5)"]
socks = ["socksio (==1.*)"]
trio = ["trio (>=0.22.0,<1.0)"]

[[package]]
name = "httpx"
version = "0.28.1"
description = "The next generation HTTP client."
optional = false
python-versions = ">=3.8"
groups = ["main"]
files = [
    {file = "httpx-0.28.1-py3-none-any.whl", hash = "sha256:d909fcccc110f8c7faf814ca82a9a4d816bc5a6dbfea25d6591d6985b8ba59ad"},
    {file = "httpx-0.28.1.tar.gz", hash = "sha256:75e98c5f16b0f35b567856f597f06ff2270a374470a5c2392242528e3e3e42fc"},
]

[package.dependencies]
anyio = "*"
certifi = "*"
httpcore = "==1.*"
idna = "*"

[package.extras]
brotli = ["brotli ; platform_python_implementation == \"CPython\"", "brotlicffi ; platform_python_implementation != \"CPython\""]
cli = ["click (==8.*)", "pygments (==2.*)", "rich (>=10,<14)"]
http2 = ["h2 (>=3,<5)"]
socks = ["socksio (==1.*)"]
zstd = ["zstandard (>=0.18.0)"]

[[package]]
name = "idna"
version = "3.10"
description = "Internationalized Domain Names in Applications (IDNA)"
optional = false
python-versions = ">=3.6"
groups = ["main"]
files = [
    {file = "idna-3.10-py3-none-any.whl", hash = "sha256:946d195a0d259cbba61165e88e65941f16e9b36ea6ddb97f00452bae8b1287d3"},
    {file = "idna-3.10.tar.gz", hash = "sha256:12f65c9b470abda6dc35cf8e63cc574b1c52b11df2c86030af0ac09b01b13ea9"},
]

[package.extras]
all = ["flake8 (>=7.1.1)", "mypy (>=1.11.2)", "pytest (>=8.3.2)", "ruff (>=0.6.2)"]

[[package]]
name = "iniconfig"
version = "2.3.0"
description = "brain-dead simple config-ini parsing"
optional = false
python-versions = ">=3.10"
groups = ["dev"]
files = [
    {file = "iniconfig-2.3.0-py3-none-any.whl", hash = "sha256:f631c04d2c48c52b84d0d0549c99ff3859c98df65b3101406327ecc7d53fbf12"},
    {file = "iniconfig-2.3.0.tar.gz", hash = "sha256:c76315c77db068650d49c5b56314774a7804df16fee4402c1f19d6d15d8c4730"},
]

[[package]]
name = "markdown-it-py"
version = "3.0.0"
description = "Python port of markdown-it. Markdown parsing, done right!"
optional = false
python-versions = ">=3.8"
groups = ["main"]
files = [
    {file = "markdown-it-py-3.0.0.tar.gz", hash = "sha256:e3f60a94fa066dc52ec76661e37c851cb232d92f9886b15cb560aaada2df8feb"},
    {file = "markdown_it_py-3.0.0-py3-none-any.whl", hash = "sha256:355216845c60bd96232cd8d8c40e8f9765cc86f46880e43a8fd22dc1a1a8cab1"},
]

[package.dependencies]
mdurl = ">=0.1,<1.0"

[package.extras]
benchmarking = ["psutil", "pytest", "pytest-benchmark"]
code-style = ["pre-commit (>=3.0,<4.0)"]
compare = ["commonmark (>=0.9,<1.0)", "markdown (>=3.4,<4.0)", "mistletoe (>=1.0,<2.0)", "mistune (>=2.0,<3.0)", "panflute (>=2.3,<3.0)"]
linkify = ["linkify-it-py (>=1,<3)"]
plugins = ["mdit-py-plugins"]
profiling = ["gprof2dot"]
rtd = ["jupyter_sphinx", "mdit-py-plugins", "myst-parser", "pyyaml", "sphinx", "sphinx-copybutton", "sphinx-design", "sphinx_book_theme"]
testing = ["coverage", "pytest", "pytest-cov", "pytest-regressions"]

[[package]]
name = "mdurl"
version = "0.1.2"
description = "Markdown URL utilities"
optional = false
python-versions = ">=3.7"
groups = ["main"]
files = [
    {file = "mdurl-0.1.2-py3-none-any.whl", hash = "sha256:84008a41e51615a49fc9966191ff91509e3c40b939176e643fd50a5c2196b8f8"},
    {file = "mdurl-0.1.2.tar.gz", hash = "sha256:bb413d29f5eea38f31dd4754dd7377d4465116fb207585f97bf925588687c1ba"},
]

[[package]]
name = "packaging"
version = "25.0"
description = "Core utilities for Python packages"
optional = false
python-versions = ">=3.8"
groups = ["dev"]
files = [
    {file = "packaging-25.0-py3-none-any.whl", hash = "sha256:29572ef2b1f17581046b3a2227d5c611fb25ec70ca1ba8554b24b0e69331a484"},
    {file = "packaging-25.0.tar.gz", hash = "sha256:d443872c98d677bf60f6a1f2f8c1cb748e8fe762d2bf9d3148b5599295b0fc4f"},
]

[[package]]
name = "peewee"
version = "3.16.3"
description = "a little orm"
optional = false
python-versions = "*"
groups = ["main"]
files = [
    {file = "peewee-3.16.3.tar.gz", hash = "sha256:12b30e931193bc37b11f7c2ac646e3f67125a8b1a543ad6ab37ad124c8df7d16"},
]

[[package]]
name = "peewee-db-evolve"
version = "3.7.6"
description = "Schema Evolution for Peewee"
optional = false
python-versions = "*"
groups = ["main"]
files = [
    {file = "peewee-db-evolve-3.7.6.tar.gz", hash = "sha256:b279fc1d317de9f9d204ab85758415bcf1d437515d583d48caaea55346b2271f"},
]

[package.dependencies]
colorama = "*"

[[package]]
name = "pluggy"
version = "1.6.0"
description = "plugin and hook calling mechanisms for python"
optional = false
python-versions = ">=3.9"
groups = ["dev"]
files = [
    {file = "pluggy-1.6.0-py3-none-any.whl", hash = "sha256:e920276dd6813095e9377c0bc5566d94c932c33b27a3e3945d8389c374dd4746"},
    {file = "pluggy-1.6.0.tar.gz", hash = "sha256:7dcc130b76258d33b90f61b658791dede3486c3e6bfb003ee5c9bfb396dd22f3"},
]

[package.extras]
dev = ["pre-commit", "tox"]
testing = ["coverage", "pytest", "pytest-benchmark"]

[[package]]
name = "pygments"
version = "2.19.2"
description = "Pygments is a syntax highlighting package written in Python."
optional = false
python-versions = ">=3.8"
groups = ["main", "dev"]
files = [
    {file = "pygments-2.19.2-py3-none-any.whl", hash = "sha256:86540386c03d588bb81d44bc3928634ff26449851e99741617ecb9037ee5ec0b"},
    {file = "pygments-2.19.2.tar.gz", hash = "sha256:636cb2477cec7f8952536970bc533bc43743542f70392ae026374600add5b887"},
]

[package.extras]
windows-terminal = ["colorama (>=0.4.6)"]

[[package]]
name = "pymysql"
version = "1.1.1"
description = "Pure Python MySQL Driver"
optional = false
python-versions = ">=3.7"
groups = ["main"]
files = [
    {file = "PyMySQL-1.1.1-py3-none-any.whl", hash = "sha256:4de15da4c61dc132f4fb9ab763063e693d521a80fd0e87943b9a453dd4c19d6c"},
    {file = "pymysql-1.1.1.tar.gz", hash = "sha256:e127611aaf2b417403c60bf4dc570124aeb4a57f5f37b8e95ae399a42f904cd0"},
]

[package.extras]
ed25519 = ["PyNaCl (>=1.4.0)"]
rsa = ["cryptography"]

[[package]]
name = "pytest"
version = "8.4.2"
description = "pytest: simple powerful testing with Python"
optional = false
python-versions = ">=3.9"
groups = ["dev"]
files = [
    {file = "pytest-8.4.2-py3-none-any.whl", hash = "sha256:872f880de3fc3a5bdc88a11b39c9710c3497a547cfa9320bc3c5e62fbf272e79"},
    {file = "pytest-8.4.2.tar.gz", hash = "sha256:86c0d0b93306b961d58d62a4db4879f27fe25513d4b969df351abdddb3c30e01"},
]

[package.dependencies]
colorama = {version = ">=0.4", markers = "sys_platform == \"win32\""}
iniconfig = ">=1"
packaging = ">=20"
pluggy = ">=1.5,<2"
pygments = ">=2.7.2"

[package.extras]
dev = ["argcomplete", "attrs (>=19.2)", "hypothesis (>=3.56)", "mock", "requests", "setuptools", "xmlschema"]

[[package]]
name = "pytest-asyncio"
version = "1.3.0"
description = "Pytest support for asyncio"
optional = false
python-versions = ">=3.10"
groups = ["dev"]
files = [
    {file = "pytest_asyncio-1.3.0-py3-none-any.whl", hash = "sha256:611e26147c7f77640e6d0a92a38ed17c3e9848063698d5c93d5aa7aa11cebff5"},
    {file = "pytest_asyncio-1.3.0.tar.gz", hash = "sha256:d7f52f36d231b80ee124cd216ffb19369aa168fc10095013c6b014a34d3ee9e5"},
]

[package.dependencies]
pytest = ">=8.2,<10"
typing-extensions = {version = ">=4.12", markers = "python_version < \"3.13\""}

[package.extras]
docs = ["sphinx (>=5.3)", "sphinx-rtd-theme (>=1)"]
testing = ["coverage (>=6.2)", "hypothesis (>=5.7.1)"]

[[package]]
name = "python-dotenv"
version = "1.1.1"
description = "Read key-value pairs from a .env file and set them as environment variables"
optional = false
python-versions = ">=3.9"
groups = ["main"]
files = [
    {file = "python_dotenv-1.1.1-py3-none-any.whl", hash = "sha256:31f23644fe2602f88ff55e1f5c79ba497e01224ee7737937930c448e4d0e24dc"},
    {file = "python_dotenv-1.1.1.tar.gz", hash = "sha256:a8a6399716257f45be6a007360200409fce5cda2661e3dec71d23dc15f6189ab"},
]

[package.extras]
cli = ["click (>=5.0)"]

[[package]]
name = "python-telegram-bot"
version = "22.5"
description = "We have made you a wrapper you can't refuse"
optional = false
python-versions = ">=3.9"
groups = ["main"]
files = [
    {file = "python_telegram_bot-22.5-py3-none-any.whl", hash = "sha256:4b7cd365344a7dce54312cc4520d7fa898b44d1a0e5f8c74b5bd9b540d035d16"},
    {file = "python_telegram_bot-22.5.tar.gz", hash = "sha256:82d4efd891d04132f308f0369f5b5929e0b96957901f58bcef43911c5f6f92f8"},
]

[package.dependencies]
httpx = ">=0.27,<0.29"

[package.extras]
all = ["aiolimiter (>=1.1,<1.3)", "apscheduler (>=3.10.4,<3.12.0)", "cachetools (>=5.3.3,<6.3.0)", "cffi (>=1.17.0rc1) ; python_version > \"3.12\"", "cryptography (>=39.0.1)", "httpx[http2]", "httpx[socks]", "tornado (>=6.5,<7.0)"]
callback-data = ["cachetools (>=5.3.3,<6.3.0)"]
ext = ["aiolimiter (>=1.1,<1.3)", "apscheduler (>=3.10.4,<3.12.0)", "cachetools (>=5.3.3,<6.3.0)", "tornado (>=6.5,<7.0)"]
http2 = ["httpx[http2]"]
job-queue = ["apscheduler (>=3.10.4,<3.12.0)"]
passport = ["cffi (>=1.17.0rc1) ; python_version > \"3.12\"", "cryptography (>=39.0.1)"]
rate-limiter = ["aiolimiter (>=1.1,<1.3)"]
socks = ["httpx[socks]"]
webhooks = ["tornado (>=6.5,<7.0)"]

[[package]]
name = "rich"
version = "14.0.0"
description = "Render rich text, tables, progress bars, syntax highlighting, markdown and more to the terminal"
optional = false
python-versions = ">=3.8.0"
groups = ["main"]
files = [
    {file = "rich-14.0.0-py3-none-any.whl", hash = "sha256:1c9491e1951aac09caffd42f448ee3d04e58923ffe14993f6e83068dc395d7e0"},
    {file = "rich-14.0.0.tar.gz", hash = "sha256:82f1bc23a6a21ebca4ae0c45af9bdbc492ed20231dcb63f297d6d1021a9d5725"},
]

[package.dependencies]
markdown-it-py = ">=2.2.0"
pygments = ">=2.13.0,<3.0.0"

[package.extras]
jupyter = ["ipywidgets (>=7.5.1,<9)"]

[[package]]
name = "shellingham"
version = "1.5.4"
description = "Tool to Detect Surrounding Shell"
optional = false
python-versions = ">=3.7"
groups = ["main"]
files = [
    {file = "shellingham-1.5.4-py2.py3-none-any.whl", hash = "sha256:7ecfff8f2fd72616f7481040475a65b2bf8af90a56c89140852d1120324e8686"},
    {file = "shellingham-1.5.4.tar.gz", hash = "sha256:8dbca0739d487e5bd35ab3ca4b36e11c4078f3a234bfce294b0a0291363404de"},
]

[[package]]
name = "sniffio"
version = "1.3.1"
description = "Sniff out which async library your code is running under"
optional = false
python-versions = ">=3.7"
groups = ["main"]
files = [
    {file = "sniffio-1.3.1-py3-none-any.whl", hash = "sha256:2f6da418d1f1e0fddd844478f41680e794e6051915791a034ff65e5f100525a2"},
    {file = "sniffio-1.3.1.tar.gz", hash = "sha256:f4324edc670a0f49750a81b895f35c3adb843cca46f0530f79fc1babb23789dc"},
]

[[package]]
name = "typer"
version = "0.16.0"
description = "Typer, build great CLIs. Easy to code. Based on Python type hints."
optional = false
python-versions = ">=3.7"
groups = ["main"]
files = [
    {file = "typer-0.16.0-py3-none-any.whl", hash = "sha256:1f79bed11d4d02d4310e3c1b7ba594183bcedb0ac73b27a9e5f28f6fb5b98855"},
    {file = "typer-0.16.0.tar.gz", hash = "sha256:af377ffaee1dbe37ae9440cb4e8f11686ea5ce4e9bae01b84ae7c63b87f1dd3b"},
]

[package.dependencies]
click = ">=8.0.0"
rich = ">=10.11.0"
shellingham = ">=1.3.0"
typing-extensions = ">=3.7.4.3"

[[package]]
name = "typing-extensions"
version = "4.14.1"
description = "Backported and Experimental Type Hints for Python 3.9+"
optional = false
python-versions = ">=3.9"
groups = ["main", "dev"]
files = [
    {file = "typing_extensions-4.14.1-py3-none-any.whl", hash = "sha256:d1e1e3b58374dc93031d6eda2420a48ea44a36c2b4766a4fdeb3710755731d76"},
    {file = "typing_extensions-4.14.1.tar.gz", hash = "sha256:38b39f4aeeab64884ce9f74c94263ef78f3c22467c8724005483154c26648d36"},
]

[metadata]
lock-version = "2.1"
python-versions = ">=3.12"
content-hash = "026ef74d588e5e01d430955a24449ad534a730ae56e2e142a509bd4d4afb859e"
